// !$*UTF8*$!
{
	archiveVersion = 1;
	classes = {
	};
	objectVersion = 45;
	objects = {

/* Begin PBXBuildFile section */
		1DDD58160DA1D0A300B32029 /* MainMenu.xib in Resources */ = {isa = PBXBuildFile; fileRef = 1DDD58140DA1D0A300B32029 /* MainMenu.xib */; };
		2108AC62149F3782001CC881 /* FVImageSequence.m in Sources */ = {isa = PBXBuildFile; fileRef = 2108AC61149F3782001CC881 /* FVImageSequence.m */; };
		2108ACAD149F3825001CC881 /* Seq_v04_640x378_0.jpg in Resources */ = {isa = PBXBuildFile; fileRef = 2108AC64149F3825001CC881 /* Seq_v04_640x378_0.jpg */; };
		2108ACAE149F3825001CC881 /* Seq_v04_640x378_1.jpg in Resources */ = {isa = PBXBuildFile; fileRef = 2108AC65149F3825001CC881 /* Seq_v04_640x378_1.jpg */; };
		2108ACAF149F3825001CC881 /* Seq_v04_640x378_10.jpg in Resources */ = {isa = PBXBuildFile; fileRef = 2108AC66149F3825001CC881 /* Seq_v04_640x378_10.jpg */; };
		2108ACB0149F3825001CC881 /* Seq_v04_640x378_11.jpg in Resources */ = {isa = PBXBuildFile; fileRef = 2108AC67149F3825001CC881 /* Seq_v04_640x378_11.jpg */; };
		2108ACB1149F3825001CC881 /* Seq_v04_640x378_12.jpg in Resources */ = {isa = PBXBuildFile; fileRef = 2108AC68149F3825001CC881 /* Seq_v04_640x378_12.jpg */; };
		2108ACB2149F3825001CC881 /* Seq_v04_640x378_13.jpg in Resources */ = {isa = PBXBuildFile; fileRef = 2108AC69149F3825001CC881 /* Seq_v04_640x378_13.jpg */; };
		2108ACB3149F3825001CC881 /* Seq_v04_640x378_14.jpg in Resources */ = {isa = PBXBuildFile; fileRef = 2108AC6A149F3825001CC881 /* Seq_v04_640x378_14.jpg */; };
		2108ACB4149F3825001CC881 /* Seq_v04_640x378_15.jpg in Resources */ = {isa = PBXBuildFile; fileRef = 2108AC6B149F3825001CC881 /* Seq_v04_640x378_15.jpg */; };
		2108ACB5149F3825001CC881 /* Seq_v04_640x378_16.jpg in Resources */ = {isa = PBXBuildFile; fileRef = 2108AC6C149F3825001CC881 /* Seq_v04_640x378_16.jpg */; };
		2108ACB6149F3825001CC881 /* Seq_v04_640x378_17.jpg in Resources */ = {isa = PBXBuildFile; fileRef = 2108AC6D149F3825001CC881 /* Seq_v04_640x378_17.jpg */; };
		2108ACB7149F3825001CC881 /* Seq_v04_640x378_18.jpg in Resources */ = {isa = PBXBuildFile; fileRef = 2108AC6E149F3825001CC881 /* Seq_v04_640x378_18.jpg */; };
		2108ACB8149F3825001CC881 /* Seq_v04_640x378_19.jpg in Resources */ = {isa = PBXBuildFile; fileRef = 2108AC6F149F3825001CC881 /* Seq_v04_640x378_19.jpg */; };
		2108ACB9149F3825001CC881 /* Seq_v04_640x378_2.jpg in Resources */ = {isa = PBXBuildFile; fileRef = 2108AC70149F3825001CC881 /* Seq_v04_640x378_2.jpg */; };
		2108ACBA149F3825001CC881 /* Seq_v04_640x378_20.jpg in Resources */ = {isa = PBXBuildFile; fileRef = 2108AC71149F3825001CC881 /* Seq_v04_640x378_20.jpg */; };
		2108ACBB149F3825001CC881 /* Seq_v04_640x378_21.jpg in Resources */ = {isa = PBXBuildFile; fileRef = 2108AC72149F3825001CC881 /* Seq_v04_640x378_21.jpg */; };
		2108ACBC149F3825001CC881 /* Seq_v04_640x378_22.jpg in Resources */ = {isa = PBXBuildFile; fileRef = 2108AC73149F3825001CC881 /* Seq_v04_640x378_22.jpg */; };
		2108ACBD149F3825001CC881 /* Seq_v04_640x378_23.jpg in Resources */ = {isa = PBXBuildFile; fileRef = 2108AC74149F3825001CC881 /* Seq_v04_640x378_23.jpg */; };
		2108ACBE149F3825001CC881 /* Seq_v04_640x378_24.jpg in Resources */ = {isa = PBXBuildFile; fileRef = 2108AC75149F3825001CC881 /* Seq_v04_640x378_24.jpg */; };
		2108ACBF149F3825001CC881 /* Seq_v04_640x378_25.jpg in Resources */ = {isa = PBXBuildFile; fileRef = 2108AC76149F3825001CC881 /* Seq_v04_640x378_25.jpg */; };
		2108ACC0149F3825001CC881 /* Seq_v04_640x378_26.jpg in Resources */ = {isa = PBXBuildFile; fileRef = 2108AC77149F3825001CC881 /* Seq_v04_640x378_26.jpg */; };
		2108ACC1149F3825001CC881 /* Seq_v04_640x378_27.jpg in Resources */ = {isa = PBXBuildFile; fileRef = 2108AC78149F3825001CC881 /* Seq_v04_640x378_27.jpg */; };
		2108ACC2149F3825001CC881 /* Seq_v04_640x378_28.jpg in Resources */ = {isa = PBXBuildFile; fileRef = 2108AC79149F3825001CC881 /* Seq_v04_640x378_28.jpg */; };
		2108ACC3149F3825001CC881 /* Seq_v04_640x378_29.jpg in Resources */ = {isa = PBXBuildFile; fileRef = 2108AC7A149F3825001CC881 /* Seq_v04_640x378_29.jpg */; };
		2108ACC4149F3825001CC881 /* Seq_v04_640x378_3.jpg in Resources */ = {isa = PBXBuildFile; fileRef = 2108AC7B149F3825001CC881 /* Seq_v04_640x378_3.jpg */; };
		2108ACC5149F3825001CC881 /* Seq_v04_640x378_30.jpg in Resources */ = {isa = PBXBuildFile; fileRef = 2108AC7C149F3825001CC881 /* Seq_v04_640x378_30.jpg */; };
		2108ACC6149F3825001CC881 /* Seq_v04_640x378_31.jpg in Resources */ = {isa = PBXBuildFile; fileRef = 2108AC7D149F3825001CC881 /* Seq_v04_640x378_31.jpg */; };
		2108ACC7149F3825001CC881 /* Seq_v04_640x378_32.jpg in Resources */ = {isa = PBXBuildFile; fileRef = 2108AC7E149F3825001CC881 /* Seq_v04_640x378_32.jpg */; };
		2108ACC8149F3825001CC881 /* Seq_v04_640x378_33.jpg in Resources */ = {isa = PBXBuildFile; fileRef = 2108AC7F149F3825001CC881 /* Seq_v04_640x378_33.jpg */; };
		2108ACC9149F3825001CC881 /* Seq_v04_640x378_34.jpg in Resources */ = {isa = PBXBuildFile; fileRef = 2108AC80149F3825001CC881 /* Seq_v04_640x378_34.jpg */; };
		2108ACCA149F3825001CC881 /* Seq_v04_640x378_35.jpg in Resources */ = {isa = PBXBuildFile; fileRef = 2108AC81149F3825001CC881 /* Seq_v04_640x378_35.jpg */; };
		2108ACCB149F3825001CC881 /* Seq_v04_640x378_36.jpg in Resources */ = {isa = PBXBuildFile; fileRef = 2108AC82149F3825001CC881 /* Seq_v04_640x378_36.jpg */; };
		2108ACCC149F3825001CC881 /* Seq_v04_640x378_37.jpg in Resources */ = {isa = PBXBuildFile; fileRef = 2108AC83149F3825001CC881 /* Seq_v04_640x378_37.jpg */; };
		2108ACCD149F3825001CC881 /* Seq_v04_640x378_38.jpg in Resources */ = {isa = PBXBuildFile; fileRef = 2108AC84149F3825001CC881 /* Seq_v04_640x378_38.jpg */; };
		2108ACCE149F3825001CC881 /* Seq_v04_640x378_39.jpg in Resources */ = {isa = PBXBuildFile; fileRef = 2108AC85149F3825001CC881 /* Seq_v04_640x378_39.jpg */; };
		2108ACCF149F3825001CC881 /* Seq_v04_640x378_4.jpg in Resources */ = {isa = PBXBuildFile; fileRef = 2108AC86149F3825001CC881 /* Seq_v04_640x378_4.jpg */; };
		2108ACD0149F3825001CC881 /* Seq_v04_640x378_40.jpg in Resources */ = {isa = PBXBuildFile; fileRef = 2108AC87149F3825001CC881 /* Seq_v04_640x378_40.jpg */; };
		2108ACD1149F3825001CC881 /* Seq_v04_640x378_41.jpg in Resources */ = {isa = PBXBuildFile; fileRef = 2108AC88149F3825001CC881 /* Seq_v04_640x378_41.jpg */; };
		2108ACD2149F3825001CC881 /* Seq_v04_640x378_42.jpg in Resources */ = {isa = PBXBuildFile; fileRef = 2108AC89149F3825001CC881 /* Seq_v04_640x378_42.jpg */; };
		2108ACD3149F3825001CC881 /* Seq_v04_640x378_43.jpg in Resources */ = {isa = PBXBuildFile; fileRef = 2108AC8A149F3825001CC881 /* Seq_v04_640x378_43.jpg */; };
		2108ACD4149F3825001CC881 /* Seq_v04_640x378_44.jpg in Resources */ = {isa = PBXBuildFile; fileRef = 2108AC8B149F3825001CC881 /* Seq_v04_640x378_44.jpg */; };
		2108ACD5149F3825001CC881 /* Seq_v04_640x378_45.jpg in Resources */ = {isa = PBXBuildFile; fileRef = 2108AC8C149F3825001CC881 /* Seq_v04_640x378_45.jpg */; };
		2108ACD6149F3825001CC881 /* Seq_v04_640x378_46.jpg in Resources */ = {isa = PBXBuildFile; fileRef = 2108AC8D149F3825001CC881 /* Seq_v04_640x378_46.jpg */; };
		2108ACD7149F3825001CC881 /* Seq_v04_640x378_47.jpg in Resources */ = {isa = PBXBuildFile; fileRef = 2108AC8E149F3825001CC881 /* Seq_v04_640x378_47.jpg */; };
		2108ACD8149F3825001CC881 /* Seq_v04_640x378_48.jpg in Resources */ = {isa = PBXBuildFile; fileRef = 2108AC8F149F3825001CC881 /* Seq_v04_640x378_48.jpg */; };
		2108ACD9149F3825001CC881 /* Seq_v04_640x378_49.jpg in Resources */ = {isa = PBXBuildFile; fileRef = 2108AC90149F3825001CC881 /* Seq_v04_640x378_49.jpg */; };
		2108ACDA149F3825001CC881 /* Seq_v04_640x378_5.jpg in Resources */ = {isa = PBXBuildFile; fileRef = 2108AC91149F3825001CC881 /* Seq_v04_640x378_5.jpg */; };
		2108ACDB149F3825001CC881 /* Seq_v04_640x378_50.jpg in Resources */ = {isa = PBXBuildFile; fileRef = 2108AC92149F3825001CC881 /* Seq_v04_640x378_50.jpg */; };
		2108ACDC149F3825001CC881 /* Seq_v04_640x378_51.jpg in Resources */ = {isa = PBXBuildFile; fileRef = 2108AC93149F3825001CC881 /* Seq_v04_640x378_51.jpg */; };
		2108ACDD149F3825001CC881 /* Seq_v04_640x378_52.jpg in Resources */ = {isa = PBXBuildFile; fileRef = 2108AC94149F3825001CC881 /* Seq_v04_640x378_52.jpg */; };
		2108ACDE149F3825001CC881 /* Seq_v04_640x378_53.jpg in Resources */ = {isa = PBXBuildFile; fileRef = 2108AC95149F3825001CC881 /* Seq_v04_640x378_53.jpg */; };
		2108ACDF149F3825001CC881 /* Seq_v04_640x378_54.jpg in Resources */ = {isa = PBXBuildFile; fileRef = 2108AC96149F3825001CC881 /* Seq_v04_640x378_54.jpg */; };
		2108ACE0149F3825001CC881 /* Seq_v04_640x378_55.jpg in Resources */ = {isa = PBXBuildFile; fileRef = 2108AC97149F3825001CC881 /* Seq_v04_640x378_55.jpg */; };
		2108ACE1149F3825001CC881 /* Seq_v04_640x378_56.jpg in Resources */ = {isa = PBXBuildFile; fileRef = 2108AC98149F3825001CC881 /* Seq_v04_640x378_56.jpg */; };
		2108ACE2149F3825001CC881 /* Seq_v04_640x378_57.jpg in Resources */ = {isa = PBXBuildFile; fileRef = 2108AC99149F3825001CC881 /* Seq_v04_640x378_57.jpg */; };
		2108ACE3149F3825001CC881 /* Seq_v04_640x378_58.jpg in Resources */ = {isa = PBXBuildFile; fileRef = 2108AC9A149F3825001CC881 /* Seq_v04_640x378_58.jpg */; };
		2108ACE4149F3825001CC881 /* Seq_v04_640x378_59.jpg in Resources */ = {isa = PBXBuildFile; fileRef = 2108AC9B149F3825001CC881 /* Seq_v04_640x378_59.jpg */; };
		2108ACE5149F3825001CC881 /* Seq_v04_640x378_6.jpg in Resources */ = {isa = PBXBuildFile; fileRef = 2108AC9C149F3825001CC881 /* Seq_v04_640x378_6.jpg */; };
		2108ACE6149F3825001CC881 /* Seq_v04_640x378_60.jpg in Resources */ = {isa = PBXBuildFile; fileRef = 2108AC9D149F3825001CC881 /* Seq_v04_640x378_60.jpg */; };
		2108ACE7149F3825001CC881 /* Seq_v04_640x378_61.jpg in Resources */ = {isa = PBXBuildFile; fileRef = 2108AC9E149F3825001CC881 /* Seq_v04_640x378_61.jpg */; };
		2108ACE8149F3825001CC881 /* Seq_v04_640x378_62.jpg in Resources */ = {isa = PBXBuildFile; fileRef = 2108AC9F149F3825001CC881 /* Seq_v04_640x378_62.jpg */; };
		2108ACE9149F3825001CC881 /* Seq_v04_640x378_63.jpg in Resources */ = {isa = PBXBuildFile; fileRef = 2108ACA0149F3825001CC881 /* Seq_v04_640x378_63.jpg */; };
		2108ACEA149F3825001CC881 /* Seq_v04_640x378_64.jpg in Resources */ = {isa = PBXBuildFile; fileRef = 2108ACA1149F3825001CC881 /* Seq_v04_640x378_64.jpg */; };
		2108ACEB149F3825001CC881 /* Seq_v04_640x378_65.jpg in Resources */ = {isa = PBXBuildFile; fileRef = 2108ACA2149F3825001CC881 /* Seq_v04_640x378_65.jpg */; };
		2108ACEC149F3825001CC881 /* Seq_v04_640x378_66.jpg in Resources */ = {isa = PBXBuildFile; fileRef = 2108ACA3149F3825001CC881 /* Seq_v04_640x378_66.jpg */; };
		2108ACED149F3825001CC881 /* Seq_v04_640x378_67.jpg in Resources */ = {isa = PBXBuildFile; fileRef = 2108ACA4149F3825001CC881 /* Seq_v04_640x378_67.jpg */; };
		2108ACEE149F3825001CC881 /* Seq_v04_640x378_68.jpg in Resources */ = {isa = PBXBuildFile; fileRef = 2108ACA5149F3825001CC881 /* Seq_v04_640x378_68.jpg */; };
		2108ACEF149F3825001CC881 /* Seq_v04_640x378_69.jpg in Resources */ = {isa = PBXBuildFile; fileRef = 2108ACA6149F3825001CC881 /* Seq_v04_640x378_69.jpg */; };
		2108ACF0149F3825001CC881 /* Seq_v04_640x378_7.jpg in Resources */ = {isa = PBXBuildFile; fileRef = 2108ACA7149F3825001CC881 /* Seq_v04_640x378_7.jpg */; };
		2108ACF1149F3825001CC881 /* Seq_v04_640x378_70.jpg in Resources */ = {isa = PBXBuildFile; fileRef = 2108ACA8149F3825001CC881 /* Seq_v04_640x378_70.jpg */; };
		2108ACF2149F3825001CC881 /* Seq_v04_640x378_71.jpg in Resources */ = {isa = PBXBuildFile; fileRef = 2108ACA9149F3825001CC881 /* Seq_v04_640x378_71.jpg */; };
		2108ACF3149F3825001CC881 /* Seq_v04_640x378_72.jpg in Resources */ = {isa = PBXBuildFile; fileRef = 2108ACAA149F3825001CC881 /* Seq_v04_640x378_72.jpg */; };
		2108ACF4149F3825001CC881 /* Seq_v04_640x378_8.jpg in Resources */ = {isa = PBXBuildFile; fileRef = 2108ACAB149F3825001CC881 /* Seq_v04_640x378_8.jpg */; };
		2108ACF5149F3825001CC881 /* Seq_v04_640x378_9.jpg in Resources */ = {isa = PBXBuildFile; fileRef = 2108ACAC149F3825001CC881 /* Seq_v04_640x378_9.jpg */; };
		256AC3DA0F4B6AC300CF3369 /* FVImageSequenceDemoAppDelegate.m in Sources */ = {isa = PBXBuildFile; fileRef = 256AC3D90F4B6AC300CF3369 /* FVImageSequenceDemoAppDelegate.m */; };
		8D11072B0486CEB800E47090 /* InfoPlist.strings in Resources */ = {isa = PBXBuildFile; fileRef = 089C165CFE840E0CC02AAC07 /* InfoPlist.strings */; };
		8D11072D0486CEB800E47090 /* main.m in Sources */ = {isa = PBXBuildFile; fileRef = 29B97316FDCFA39411CA2CEA /* main.m */; settings = {ATTRIBUTES = (); }; };
		8D11072F0486CEB800E47090 /* Cocoa.framework in Frameworks */ = {isa = PBXBuildFile; fileRef = 1058C7A1FEA54F0111CA2CBB /* Cocoa.framework */; };
/* End PBXBuildFile section */

/* Begin PBXFileReference section */
		089C165DFE840E0CC02AAC07 /* English */ = {isa = PBXFileReference; fileEncoding = 4; lastKnownFileType = text.plist.strings; name = English; path = English.lproj/InfoPlist.strings; sourceTree = "<group>"; };
		1058C7A1FEA54F0111CA2CBB /* Cocoa.framework */ = {isa = PBXFileReference; lastKnownFileType = wrapper.framework; name = Cocoa.framework; path = /System/Library/Frameworks/Cocoa.framework; sourceTree = "<absolute>"; };
		13E42FB307B3F0F600E4EEF1 /* CoreData.framework */ = {isa = PBXFileReference; lastKnownFileType = wrapper.framework; name = CoreData.framework; path = /System/Library/Frameworks/CoreData.framework; sourceTree = "<absolute>"; };
		1DDD58150DA1D0A300B32029 /* English */ = {isa = PBXFileReference; lastKnownFileType = file.xib; name = English; path = English.lproj/MainMenu.xib; sourceTree = "<group>"; };
		2108AC60149F3782001CC881 /* FVImageSequence.h */ = {isa = PBXFileReference; fileEncoding = 4; lastKnownFileType = sourcecode.c.h; path = FVImageSequence.h; sourceTree = "<group>"; };
		2108AC61149F3782001CC881 /* FVImageSequence.m */ = {isa = PBXFileReference; fileEncoding = 4; lastKnownFileType = sourcecode.c.objc; path = FVImageSequence.m; sourceTree = "<group>"; };
		2108AC64149F3825001CC881 /* Seq_v04_640x378_0.jpg */ = {isa = PBXFileReference; lastKnownFileType = image.jpeg; path = Seq_v04_640x378_0.jpg; sourceTree = "<group>"; };
		2108AC65149F3825001CC881 /* Seq_v04_640x378_1.jpg */ = {isa = PBXFileReference; lastKnownFileType = image.jpeg; path = Seq_v04_640x378_1.jpg; sourceTree = "<group>"; };
		2108AC66149F3825001CC881 /* Seq_v04_640x378_10.jpg */ = {isa = PBXFileReference; lastKnownFileType = image.jpeg; path = Seq_v04_640x378_10.jpg; sourceTree = "<group>"; };
		2108AC67149F3825001CC881 /* Seq_v04_640x378_11.jpg */ = {isa = PBXFileReference; lastKnownFileType = image.jpeg; path = Seq_v04_640x378_11.jpg; sourceTree = "<group>"; };
		2108AC68149F3825001CC881 /* Seq_v04_640x378_12.jpg */ = {isa = PBXFileReference; lastKnownFileType = image.jpeg; path = Seq_v04_640x378_12.jpg; sourceTree = "<group>"; };
		2108AC69149F3825001CC881 /* Seq_v04_640x378_13.jpg */ = {isa = PBXFileReference; lastKnownFileType = image.jpeg; path = Seq_v04_640x378_13.jpg; sourceTree = "<group>"; };
		2108AC6A149F3825001CC881 /* Seq_v04_640x378_14.jpg */ = {isa = PBXFileReference; lastKnownFileType = image.jpeg; path = Seq_v04_640x378_14.jpg; sourceTree = "<group>"; };
		2108AC6B149F3825001CC881 /* Seq_v04_640x378_15.jpg */ = {isa = PBXFileReference; lastKnownFileType = image.jpeg; path = Seq_v04_640x378_15.jpg; sourceTree = "<group>"; };
		2108AC6C149F3825001CC881 /* Seq_v04_640x378_16.jpg */ = {isa = PBXFileReference; lastKnownFileType = image.jpeg; path = Seq_v04_640x378_16.jpg; sourceTree = "<group>"; };
		2108AC6D149F3825001CC881 /* Seq_v04_640x378_17.jpg */ = {isa = PBXFileReference; lastKnownFileType = image.jpeg; path = Seq_v04_640x378_17.jpg; sourceTree = "<group>"; };
		2108AC6E149F3825001CC881 /* Seq_v04_640x378_18.jpg */ = {isa = PBXFileReference; lastKnownFileType = image.jpeg; path = Seq_v04_640x378_18.jpg; sourceTree = "<group>"; };
		2108AC6F149F3825001CC881 /* Seq_v04_640x378_19.jpg */ = {isa = PBXFileReference; lastKnownFileType = image.jpeg; path = Seq_v04_640x378_19.jpg; sourceTree = "<group>"; };
		2108AC70149F3825001CC881 /* Seq_v04_640x378_2.jpg */ = {isa = PBXFileReference; lastKnownFileType = image.jpeg; path = Seq_v04_640x378_2.jpg; sourceTree = "<group>"; };
		2108AC71149F3825001CC881 /* Seq_v04_640x378_20.jpg */ = {isa = PBXFileReference; lastKnownFileType = image.jpeg; path = Seq_v04_640x378_20.jpg; sourceTree = "<group>"; };
		2108AC72149F3825001CC881 /* Seq_v04_640x378_21.jpg */ = {isa = PBXFileReference; lastKnownFileType = image.jpeg; path = Seq_v04_640x378_21.jpg; sourceTree = "<group>"; };
		2108AC73149F3825001CC881 /* Seq_v04_640x378_22.jpg */ = {isa = PBXFileReference; lastKnownFileType = image.jpeg; path = Seq_v04_640x378_22.jpg; sourceTree = "<group>"; };
		2108AC74149F3825001CC881 /* Seq_v04_640x378_23.jpg */ = {isa = PBXFileReference; lastKnownFileType = image.jpeg; path = Seq_v04_640x378_23.jpg; sourceTree = "<group>"; };
		2108AC75149F3825001CC881 /* Seq_v04_640x378_24.jpg */ = {isa = PBXFileReference; lastKnownFileType = image.jpeg; path = Seq_v04_640x378_24.jpg; sourceTree = "<group>"; };
		2108AC76149F3825001CC881 /* Seq_v04_640x378_25.jpg */ = {isa = PBXFileReference; lastKnownFileType = image.jpeg; path = Seq_v04_640x378_25.jpg; sourceTree = "<group>"; };
		2108AC77149F3825001CC881 /* Seq_v04_640x378_26.jpg */ = {isa = PBXFileReference; lastKnownFileType = image.jpeg; path = Seq_v04_640x378_26.jpg; sourceTree = "<group>"; };
		2108AC78149F3825001CC881 /* Seq_v04_640x378_27.jpg */ = {isa = PBXFileReference; lastKnownFileType = image.jpeg; path = Seq_v04_640x378_27.jpg; sourceTree = "<group>"; };
		2108AC79149F3825001CC881 /* Seq_v04_640x378_28.jpg */ = {isa = PBXFileReference; lastKnownFileType = image.jpeg; path = Seq_v04_640x378_28.jpg; sourceTree = "<group>"; };
		2108AC7A149F3825001CC881 /* Seq_v04_640x378_29.jpg */ = {isa = PBXFileReference; lastKnownFileType = image.jpeg; path = Seq_v04_640x378_29.jpg; sourceTree = "<group>"; };
		2108AC7B149F3825001CC881 /* Seq_v04_640x378_3.jpg */ = {isa = PBXFileReference; lastKnownFileType = image.jpeg; path = Seq_v04_640x378_3.jpg; sourceTree = "<group>"; };
		2108AC7C149F3825001CC881 /* Seq_v04_640x378_30.jpg */ = {isa = PBXFileReference; lastKnownFileType = image.jpeg; path = Seq_v04_640x378_30.jpg; sourceTree = "<group>"; };
		2108AC7D149F3825001CC881 /* Seq_v04_640x378_31.jpg */ = {isa = PBXFileReference; lastKnownFileType = image.jpeg; path = Seq_v04_640x378_31.jpg; sourceTree = "<group>"; };
		2108AC7E149F3825001CC881 /* Seq_v04_640x378_32.jpg */ = {isa = PBXFileReference; lastKnownFileType = image.jpeg; path = Seq_v04_640x378_32.jpg; sourceTree = "<group>"; };
		2108AC7F149F3825001CC881 /* Seq_v04_640x378_33.jpg */ = {isa = PBXFileReference; lastKnownFileType = image.jpeg; path = Seq_v04_640x378_33.jpg; sourceTree = "<group>"; };
		2108AC80149F3825001CC881 /* Seq_v04_640x378_34.jpg */ = {isa = PBXFileReference; lastKnownFileType = image.jpeg; path = Seq_v04_640x378_34.jpg; sourceTree = "<group>"; };
		2108AC81149F3825001CC881 /* Seq_v04_640x378_35.jpg */ = {isa = PBXFileReference; lastKnownFileType = image.jpeg; path = Seq_v04_640x378_35.jpg; sourceTree = "<group>"; };
		2108AC82149F3825001CC881 /* Seq_v04_640x378_36.jpg */ = {isa = PBXFileReference; lastKnownFileType = image.jpeg; path = Seq_v04_640x378_36.jpg; sourceTree = "<group>"; };
		2108AC83149F3825001CC881 /* Seq_v04_640x378_37.jpg */ = {isa = PBXFileReference; lastKnownFileType = image.jpeg; path = Seq_v04_640x378_37.jpg; sourceTree = "<group>"; };
		2108AC84149F3825001CC881 /* Seq_v04_640x378_38.jpg */ = {isa = PBXFileReference; lastKnownFileType = image.jpeg; path = Seq_v04_640x378_38.jpg; sourceTree = "<group>"; };
		2108AC85149F3825001CC881 /* Seq_v04_640x378_39.jpg */ = {isa = PBXFileReference; lastKnownFileType = image.jpeg; path = Seq_v04_640x378_39.jpg; sourceTree = "<group>"; };
		2108AC86149F3825001CC881 /* Seq_v04_640x378_4.jpg */ = {isa = PBXFileReference; lastKnownFileType = image.jpeg; path = Seq_v04_640x378_4.jpg; sourceTree = "<group>"; };
		2108AC87149F3825001CC881 /* Seq_v04_640x378_40.jpg */ = {isa = PBXFileReference; lastKnownFileType = image.jpeg; path = Seq_v04_640x378_40.jpg; sourceTree = "<group>"; };
		2108AC88149F3825001CC881 /* Seq_v04_640x378_41.jpg */ = {isa = PBXFileReference; lastKnownFileType = image.jpeg; path = Seq_v04_640x378_41.jpg; sourceTree = "<group>"; };
		2108AC89149F3825001CC881 /* Seq_v04_640x378_42.jpg */ = {isa = PBXFileReference; lastKnownFileType = image.jpeg; path = Seq_v04_640x378_42.jpg; sourceTree = "<group>"; };
		2108AC8A149F3825001CC881 /* Seq_v04_640x378_43.jpg */ = {isa = PBXFileReference; lastKnownFileType = image.jpeg; path = Seq_v04_640x378_43.jpg; sourceTree = "<group>"; };
		2108AC8B149F3825001CC881 /* Seq_v04_640x378_44.jpg */ = {isa = PBXFileReference; lastKnownFileType = image.jpeg; path = Seq_v04_640x378_44.jpg; sourceTree = "<group>"; };
		2108AC8C149F3825001CC881 /* Seq_v04_640x378_45.jpg */ = {isa = PBXFileReference; lastKnownFileType = image.jpeg; path = Seq_v04_640x378_45.jpg; sourceTree = "<group>"; };
		2108AC8D149F3825001CC881 /* Seq_v04_640x378_46.jpg */ = {isa = PBXFileReference; lastKnownFileType = image.jpeg; path = Seq_v04_640x378_46.jpg; sourceTree = "<group>"; };
		2108AC8E149F3825001CC881 /* Seq_v04_640x378_47.jpg */ = {isa = PBXFileReference; lastKnownFileType = image.jpeg; path = Seq_v04_640x378_47.jpg; sourceTree = "<group>"; };
		2108AC8F149F3825001CC881 /* Seq_v04_640x378_48.jpg */ = {isa = PBXFileReference; lastKnownFileType = image.jpeg; path = Seq_v04_640x378_48.jpg; sourceTree = "<group>"; };
		2108AC90149F3825001CC881 /* Seq_v04_640x378_49.jpg */ = {isa = PBXFileReference; lastKnownFileType = image.jpeg; path = Seq_v04_640x378_49.jpg; sourceTree = "<group>"; };
		2108AC91149F3825001CC881 /* Seq_v04_640x378_5.jpg */ = {isa = PBXFileReference; lastKnownFileType = image.jpeg; path = Seq_v04_640x378_5.jpg; sourceTree = "<group>"; };
		2108AC92149F3825001CC881 /* Seq_v04_640x378_50.jpg */ = {isa = PBXFileReference; lastKnownFileType = image.jpeg; path = Seq_v04_640x378_50.jpg; sourceTree = "<group>"; };
		2108AC93149F3825001CC881 /* Seq_v04_640x378_51.jpg */ = {isa = PBXFileReference; lastKnownFileType = image.jpeg; path = Seq_v04_640x378_51.jpg; sourceTree = "<group>"; };
		2108AC94149F3825001CC881 /* Seq_v04_640x378_52.jpg */ = {isa = PBXFileReference; lastKnownFileType = image.jpeg; path = Seq_v04_640x378_52.jpg; sourceTree = "<group>"; };
		2108AC95149F3825001CC881 /* Seq_v04_640x378_53.jpg */ = {isa = PBXFileReference; lastKnownFileType = image.jpeg; path = Seq_v04_640x378_53.jpg; sourceTree = "<group>"; };
		2108AC96149F3825001CC881 /* Seq_v04_640x378_54.jpg */ = {isa = PBXFileReference; lastKnownFileType = image.jpeg; path = Seq_v04_640x378_54.jpg; sourceTree = "<group>"; };
		2108AC97149F3825001CC881 /* Seq_v04_640x378_55.jpg */ = {isa = PBXFileReference; lastKnownFileType = image.jpeg; path = Seq_v04_640x378_55.jpg; sourceTree = "<group>"; };
		2108AC98149F3825001CC881 /* Seq_v04_640x378_56.jpg */ = {isa = PBXFileReference; lastKnownFileType = image.jpeg; path = Seq_v04_640x378_56.jpg; sourceTree = "<group>"; };
		2108AC99149F3825001CC881 /* Seq_v04_640x378_57.jpg */ = {isa = PBXFileReference; lastKnownFileType = image.jpeg; path = Seq_v04_640x378_57.jpg; sourceTree = "<group>"; };
		2108AC9A149F3825001CC881 /* Seq_v04_640x378_58.jpg */ = {isa = PBXFileReference; lastKnownFileType = image.jpeg; path = Seq_v04_640x378_58.jpg; sourceTree = "<group>"; };
		2108AC9B149F3825001CC881 /* Seq_v04_640x378_59.jpg */ = {isa = PBXFileReference; lastKnownFileType = image.jpeg; path = Seq_v04_640x378_59.jpg; sourceTree = "<group>"; };
		2108AC9C149F3825001CC881 /* Seq_v04_640x378_6.jpg */ = {isa = PBXFileReference; lastKnownFileType = image.jpeg; path = Seq_v04_640x378_6.jpg; sourceTree = "<group>"; };
		2108AC9D149F3825001CC881 /* Seq_v04_640x378_60.jpg */ = {isa = PBXFileReference; lastKnownFileType = image.jpeg; path = Seq_v04_640x378_60.jpg; sourceTree = "<group>"; };
		2108AC9E149F3825001CC881 /* Seq_v04_640x378_61.jpg */ = {isa = PBXFileReference; lastKnownFileType = image.jpeg; path = Seq_v04_640x378_61.jpg; sourceTree = "<group>"; };
		2108AC9F149F3825001CC881 /* Seq_v04_640x378_62.jpg */ = {isa = PBXFileReference; lastKnownFileType = image.jpeg; path = Seq_v04_640x378_62.jpg; sourceTree = "<group>"; };
		2108ACA0149F3825001CC881 /* Seq_v04_640x378_63.jpg */ = {isa = PBXFileReference; lastKnownFileType = image.jpeg; path = Seq_v04_640x378_63.jpg; sourceTree = "<group>"; };
		2108ACA1149F3825001CC881 /* Seq_v04_640x378_64.jpg */ = {isa = PBXFileReference; lastKnownFileType = image.jpeg; path = Seq_v04_640x378_64.jpg; sourceTree = "<group>"; };
		2108ACA2149F3825001CC881 /* Seq_v04_640x378_65.jpg */ = {isa = PBXFileReference; lastKnownFileType = image.jpeg; path = Seq_v04_640x378_65.jpg; sourceTree = "<group>"; };
		2108ACA3149F3825001CC881 /* Seq_v04_640x378_66.jpg */ = {isa = PBXFileReference; lastKnownFileType = image.jpeg; path = Seq_v04_640x378_66.jpg; sourceTree = "<group>"; };
		2108ACA4149F3825001CC881 /* Seq_v04_640x378_67.jpg */ = {isa = PBXFileReference; lastKnownFileType = image.jpeg; path = Seq_v04_640x378_67.jpg; sourceTree = "<group>"; };
		2108ACA5149F3825001CC881 /* Seq_v04_640x378_68.jpg */ = {isa = PBXFileReference; lastKnownFileType = image.jpeg; path = Seq_v04_640x378_68.jpg; sourceTree = "<group>"; };
		2108ACA6149F3825001CC881 /* Seq_v04_640x378_69.jpg */ = {isa = PBXFileReference; lastKnownFileType = image.jpeg; path = Seq_v04_640x378_69.jpg; sourceTree = "<group>"; };
		2108ACA7149F3825001CC881 /* Seq_v04_640x378_7.jpg */ = {isa = PBXFileReference; lastKnownFileType = image.jpeg; path = Seq_v04_640x378_7.jpg; sourceTree = "<group>"; };
		2108ACA8149F3825001CC881 /* Seq_v04_640x378_70.jpg */ = {isa = PBXFileReference; lastKnownFileType = image.jpeg; path = Seq_v04_640x378_70.jpg; sourceTree = "<group>"; };
		2108ACA9149F3825001CC881 /* Seq_v04_640x378_71.jpg */ = {isa = PBXFileReference; lastKnownFileType = image.jpeg; path = Seq_v04_640x378_71.jpg; sourceTree = "<group>"; };
		2108ACAA149F3825001CC881 /* Seq_v04_640x378_72.jpg */ = {isa = PBXFileReference; lastKnownFileType = image.jpeg; path = Seq_v04_640x378_72.jpg; sourceTree = "<group>"; };
		2108ACAB149F3825001CC881 /* Seq_v04_640x378_8.jpg */ = {isa = PBXFileReference; lastKnownFileType = image.jpeg; path = Seq_v04_640x378_8.jpg; sourceTree = "<group>"; };
		2108ACAC149F3825001CC881 /* Seq_v04_640x378_9.jpg */ = {isa = PBXFileReference; lastKnownFileType = image.jpeg; path = Seq_v04_640x378_9.jpg; sourceTree = "<group>"; };
		256AC3D80F4B6AC300CF3369 /* FVImageSequenceDemoAppDelegate.h */ = {isa = PBXFileReference; fileEncoding = 4; lastKnownFileType = sourcecode.c.h; path = FVImageSequenceDemoAppDelegate.h; sourceTree = "<group>"; };
		256AC3D90F4B6AC300CF3369 /* FVImageSequenceDemoAppDelegate.m */ = {isa = PBXFileReference; fileEncoding = 4; lastKnownFileType = sourcecode.c.objc; path = FVImageSequenceDemoAppDelegate.m; sourceTree = "<group>"; };
		256AC3F00F4B6AF500CF3369 /* FVImageSequenceDemo_Prefix.pch */ = {isa = PBXFileReference; fileEncoding = 4; lastKnownFileType = sourcecode.c.h; path = FVImageSequenceDemo_Prefix.pch; sourceTree = "<group>"; };
		29B97316FDCFA39411CA2CEA /* main.m */ = {isa = PBXFileReference; fileEncoding = 4; lastKnownFileType = sourcecode.c.objc; path = main.m; sourceTree = "<group>"; };
		29B97324FDCFA39411CA2CEA /* AppKit.framework */ = {isa = PBXFileReference; lastKnownFileType = wrapper.framework; name = AppKit.framework; path = /System/Library/Frameworks/AppKit.framework; sourceTree = "<absolute>"; };
		29B97325FDCFA39411CA2CEA /* Foundation.framework */ = {isa = PBXFileReference; lastKnownFileType = wrapper.framework; name = Foundation.framework; path = /System/Library/Frameworks/Foundation.framework; sourceTree = "<absolute>"; };
		8D1107310486CEB800E47090 /* FVImageSequenceDemo-Info.plist */ = {isa = PBXFileReference; fileEncoding = 4; lastKnownFileType = text.plist.xml; path = "FVImageSequenceDemo-Info.plist"; sourceTree = "<group>"; };
		8D1107320486CEB800E47090 /* FVImageSequenceDemo.app */ = {isa = PBXFileReference; explicitFileType = wrapper.application; includeInIndex = 0; path = FVImageSequenceDemo.app; sourceTree = BUILT_PRODUCTS_DIR; };
/* End PBXFileReference section */

/* Begin PBXFrameworksBuildPhase section */
		8D11072E0486CEB800E47090 /* Frameworks */ = {
			isa = PBXFrameworksBuildPhase;
			buildActionMask = 2147483647;
			files = (
				8D11072F0486CEB800E47090 /* Cocoa.framework in Frameworks */,
			);
			runOnlyForDeploymentPostprocessing = 0;
		};
/* End PBXFrameworksBuildPhase section */

/* Begin PBXGroup section */
		080E96DDFE201D6D7F000001 /* Classes */ = {
			isa = PBXGroup;
			children = (
				256AC3D80F4B6AC300CF3369 /* FVImageSequenceDemoAppDelegate.h */,
				256AC3D90F4B6AC300CF3369 /* FVImageSequenceDemoAppDelegate.m */,
				2108AC60149F3782001CC881 /* FVImageSequence.h */,
				2108AC61149F3782001CC881 /* FVImageSequence.m */,
			);
			name = Classes;
			sourceTree = "<group>";
		};
		1058C7A0FEA54F0111CA2CBB /* Linked Frameworks */ = {
			isa = PBXGroup;
			children = (
				1058C7A1FEA54F0111CA2CBB /* Cocoa.framework */,
			);
			name = "Linked Frameworks";
			sourceTree = "<group>";
		};
		1058C7A2FEA54F0111CA2CBB /* Other Frameworks */ = {
			isa = PBXGroup;
			children = (
				29B97324FDCFA39411CA2CEA /* AppKit.framework */,
				13E42FB307B3F0F600E4EEF1 /* CoreData.framework */,
				29B97325FDCFA39411CA2CEA /* Foundation.framework */,
			);
			name = "Other Frameworks";
			sourceTree = "<group>";
		};
		19C28FACFE9D520D11CA2CBB /* Products */ = {
			isa = PBXGroup;
			children = (
				8D1107320486CEB800E47090 /* FVImageSequenceDemo.app */,
			);
			name = Products;
			sourceTree = "<group>";
		};
		2108AC63149F3825001CC881 /* images */ = {
			isa = PBXGroup;
			children = (
				2108AC64149F3825001CC881 /* Seq_v04_640x378_0.jpg */,
				2108AC65149F3825001CC881 /* Seq_v04_640x378_1.jpg */,
				2108AC66149F3825001CC881 /* Seq_v04_640x378_10.jpg */,
				2108AC67149F3825001CC881 /* Seq_v04_640x378_11.jpg */,
				2108AC68149F3825001CC881 /* Seq_v04_640x378_12.jpg */,
				2108AC69149F3825001CC881 /* Seq_v04_640x378_13.jpg */,
				2108AC6A149F3825001CC881 /* Seq_v04_640x378_14.jpg */,
				2108AC6B149F3825001CC881 /* Seq_v04_640x378_15.jpg */,
				2108AC6C149F3825001CC881 /* Seq_v04_640x378_16.jpg */,
				2108AC6D149F3825001CC881 /* Seq_v04_640x378_17.jpg */,
				2108AC6E149F3825001CC881 /* Seq_v04_640x378_18.jpg */,
				2108AC6F149F3825001CC881 /* Seq_v04_640x378_19.jpg */,
				2108AC70149F3825001CC881 /* Seq_v04_640x378_2.jpg */,
				2108AC71149F3825001CC881 /* Seq_v04_640x378_20.jpg */,
				2108AC72149F3825001CC881 /* Seq_v04_640x378_21.jpg */,
				2108AC73149F3825001CC881 /* Seq_v04_640x378_22.jpg */,
				2108AC74149F3825001CC881 /* Seq_v04_640x378_23.jpg */,
				2108AC75149F3825001CC881 /* Seq_v04_640x378_24.jpg */,
				2108AC76149F3825001CC881 /* Seq_v04_640x378_25.jpg */,
				2108AC77149F3825001CC881 /* Seq_v04_640x378_26.jpg */,
				2108AC78149F3825001CC881 /* Seq_v04_640x378_27.jpg */,
				2108AC79149F3825001CC881 /* Seq_v04_640x378_28.jpg */,
				2108AC7A149F3825001CC881 /* Seq_v04_640x378_29.jpg */,
				2108AC7B149F3825001CC881 /* Seq_v04_640x378_3.jpg */,
				2108AC7C149F3825001CC881 /* Seq_v04_640x378_30.jpg */,
				2108AC7D149F3825001CC881 /* Seq_v04_640x378_31.jpg */,
				2108AC7E149F3825001CC881 /* Seq_v04_640x378_32.jpg */,
				2108AC7F149F3825001CC881 /* Seq_v04_640x378_33.jpg */,
				2108AC80149F3825001CC881 /* Seq_v04_640x378_34.jpg */,
				2108AC81149F3825001CC881 /* Seq_v04_640x378_35.jpg */,
				2108AC82149F3825001CC881 /* Seq_v04_640x378_36.jpg */,
				2108AC83149F3825001CC881 /* Seq_v04_640x378_37.jpg */,
				2108AC84149F3825001CC881 /* Seq_v04_640x378_38.jpg */,
				2108AC85149F3825001CC881 /* Seq_v04_640x378_39.jpg */,
				2108AC86149F3825001CC881 /* Seq_v04_640x378_4.jpg */,
				2108AC87149F3825001CC881 /* Seq_v04_640x378_40.jpg */,
				2108AC88149F3825001CC881 /* Seq_v04_640x378_41.jpg */,
				2108AC89149F3825001CC881 /* Seq_v04_640x378_42.jpg */,
				2108AC8A149F3825001CC881 /* Seq_v04_640x378_43.jpg */,
				2108AC8B149F3825001CC881 /* Seq_v04_640x378_44.jpg */,
				2108AC8C149F3825001CC881 /* Seq_v04_640x378_45.jpg */,
				2108AC8D149F3825001CC881 /* Seq_v04_640x378_46.jpg */,
				2108AC8E149F3825001CC881 /* Seq_v04_640x378_47.jpg */,
				2108AC8F149F3825001CC881 /* Seq_v04_640x378_48.jpg */,
				2108AC90149F3825001CC881 /* Seq_v04_640x378_49.jpg */,
				2108AC91149F3825001CC881 /* Seq_v04_640x378_5.jpg */,
				2108AC92149F3825001CC881 /* Seq_v04_640x378_50.jpg */,
				2108AC93149F3825001CC881 /* Seq_v04_640x378_51.jpg */,
				2108AC94149F3825001CC881 /* Seq_v04_640x378_52.jpg */,
				2108AC95149F3825001CC881 /* Seq_v04_640x378_53.jpg */,
				2108AC96149F3825001CC881 /* Seq_v04_640x378_54.jpg */,
				2108AC97149F3825001CC881 /* Seq_v04_640x378_55.jpg */,
				2108AC98149F3825001CC881 /* Seq_v04_640x378_56.jpg */,
				2108AC99149F3825001CC881 /* Seq_v04_640x378_57.jpg */,
				2108AC9A149F3825001CC881 /* Seq_v04_640x378_58.jpg */,
				2108AC9B149F3825001CC881 /* Seq_v04_640x378_59.jpg */,
				2108AC9C149F3825001CC881 /* Seq_v04_640x378_6.jpg */,
				2108AC9D149F3825001CC881 /* Seq_v04_640x378_60.jpg */,
				2108AC9E149F3825001CC881 /* Seq_v04_640x378_61.jpg */,
				2108AC9F149F3825001CC881 /* Seq_v04_640x378_62.jpg */,
				2108ACA0149F3825001CC881 /* Seq_v04_640x378_63.jpg */,
				2108ACA1149F3825001CC881 /* Seq_v04_640x378_64.jpg */,
				2108ACA2149F3825001CC881 /* Seq_v04_640x378_65.jpg */,
				2108ACA3149F3825001CC881 /* Seq_v04_640x378_66.jpg */,
				2108ACA4149F3825001CC881 /* Seq_v04_640x378_67.jpg */,
				2108ACA5149F3825001CC881 /* Seq_v04_640x378_68.jpg */,
				2108ACA6149F3825001CC881 /* Seq_v04_640x378_69.jpg */,
				2108ACA7149F3825001CC881 /* Seq_v04_640x378_7.jpg */,
				2108ACA8149F3825001CC881 /* Seq_v04_640x378_70.jpg */,
				2108ACA9149F3825001CC881 /* Seq_v04_640x378_71.jpg */,
				2108ACAA149F3825001CC881 /* Seq_v04_640x378_72.jpg */,
				2108ACAB149F3825001CC881 /* Seq_v04_640x378_8.jpg */,
				2108ACAC149F3825001CC881 /* Seq_v04_640x378_9.jpg */,
			);
			path = images;
			sourceTree = "<group>";
		};
		29B97314FDCFA39411CA2CEA /* FVImageSequenceDemo */ = {
			isa = PBXGroup;
			children = (
				080E96DDFE201D6D7F000001 /* Classes */,
				29B97315FDCFA39411CA2CEA /* Other Sources */,
				2108AC63149F3825001CC881 /* images */,
				29B97317FDCFA39411CA2CEA /* Resources */,
				29B97323FDCFA39411CA2CEA /* Frameworks */,
				19C28FACFE9D520D11CA2CBB /* Products */,
			);
			name = FVImageSequenceDemo;
			sourceTree = "<group>";
		};
		29B97315FDCFA39411CA2CEA /* Other Sources */ = {
			isa = PBXGroup;
			children = (
				256AC3F00F4B6AF500CF3369 /* FVImageSequenceDemo_Prefix.pch */,
				29B97316FDCFA39411CA2CEA /* main.m */,
			);
			name = "Other Sources";
			sourceTree = "<group>";
		};
		29B97317FDCFA39411CA2CEA /* Resources */ = {
			isa = PBXGroup;
			children = (
				8D1107310486CEB800E47090 /* FVImageSequenceDemo-Info.plist */,
				089C165CFE840E0CC02AAC07 /* InfoPlist.strings */,
				1DDD58140DA1D0A300B32029 /* MainMenu.xib */,
			);
			name = Resources;
			sourceTree = "<group>";
		};
		29B97323FDCFA39411CA2CEA /* Frameworks */ = {
			isa = PBXGroup;
			children = (
				1058C7A0FEA54F0111CA2CBB /* Linked Frameworks */,
				1058C7A2FEA54F0111CA2CBB /* Other Frameworks */,
			);
			name = Frameworks;
			sourceTree = "<group>";
		};
/* End PBXGroup section */

/* Begin PBXNativeTarget section */
		8D1107260486CEB800E47090 /* FVImageSequenceDemo */ = {
			isa = PBXNativeTarget;
			buildConfigurationList = C01FCF4A08A954540054247B /* Build configuration list for PBXNativeTarget "FVImageSequenceDemo" */;
			buildPhases = (
				8D1107290486CEB800E47090 /* Resources */,
				8D11072C0486CEB800E47090 /* Sources */,
				8D11072E0486CEB800E47090 /* Frameworks */,
			);
			buildRules = (
			);
			dependencies = (
			);
			name = FVImageSequenceDemo;
			productInstallPath = "$(HOME)/Applications";
			productName = FVImageSequenceDemo;
			productReference = 8D1107320486CEB800E47090 /* FVImageSequenceDemo.app */;
			productType = "com.apple.product-type.application";
		};
/* End PBXNativeTarget section */

/* Begin PBXProject section */
		29B97313FDCFA39411CA2CEA /* Project object */ = {
			isa = PBXProject;
			buildConfigurationList = C01FCF4E08A954540054247B /* Build configuration list for PBXProject "FVImageSequenceDemo" */;
			compatibilityVersion = "Xcode 3.1";
			developmentRegion = English;
			hasScannedForEncodings = 1;
			knownRegions = (
				English,
				Japanese,
				French,
				German,
			);
			mainGroup = 29B97314FDCFA39411CA2CEA /* FVImageSequenceDemo */;
			projectDirPath = "";
			projectRoot = "";
			targets = (
				8D1107260486CEB800E47090 /* FVImageSequenceDemo */,
			);
		};
/* End PBXProject section */

/* Begin PBXResourcesBuildPhase section */
		8D1107290486CEB800E47090 /* Resources */ = {
			isa = PBXResourcesBuildPhase;
			buildActionMask = 2147483647;
			files = (
				8D11072B0486CEB800E47090 /* InfoPlist.strings in Resources */,
				1DDD58160DA1D0A300B32029 /* MainMenu.xib in Resources */,
				2108ACAD149F3825001CC881 /* Seq_v04_640x378_0.jpg in Resources */,
				2108ACAE149F3825001CC881 /* Seq_v04_640x378_1.jpg in Resources */,
				2108ACAF149F3825001CC881 /* Seq_v04_640x378_10.jpg in Resources */,
				2108ACB0149F3825001CC881 /* Seq_v04_640x378_11.jpg in Resources */,
				2108ACB1149F3825001CC881 /* Seq_v04_640x378_12.jpg in Resources */,
				2108ACB2149F3825001CC881 /* Seq_v04_640x378_13.jpg in Resources */,
				2108ACB3149F3825001CC881 /* Seq_v04_640x378_14.jpg in Resources */,
				2108ACB4149F3825001CC881 /* Seq_v04_640x378_15.jpg in Resources */,
				2108ACB5149F3825001CC881 /* Seq_v04_640x378_16.jpg in Resources */,
				2108ACB6149F3825001CC881 /* Seq_v04_640x378_17.jpg in Resources */,
				2108ACB7149F3825001CC881 /* Seq_v04_640x378_18.jpg in Resources */,
				2108ACB8149F3825001CC881 /* Seq_v04_640x378_19.jpg in Resources */,
				2108ACB9149F3825001CC881 /* Seq_v04_640x378_2.jpg in Resources */,
				2108ACBA149F3825001CC881 /* Seq_v04_640x378_20.jpg in Resources */,
				2108ACBB149F3825001CC881 /* Seq_v04_640x378_21.jpg in Resources */,
				2108ACBC149F3825001CC881 /* Seq_v04_640x378_22.jpg in Resources */,
				2108ACBD149F3825001CC881 /* Seq_v04_640x378_23.jpg in Resources */,
				2108ACBE149F3825001CC881 /* Seq_v04_640x378_24.jpg in Resources */,
				2108ACBF149F3825001CC881 /* Seq_v04_640x378_25.jpg in Resources */,
				2108ACC0149F3825001CC881 /* Seq_v04_640x378_26.jpg in Resources */,
				2108ACC1149F3825001CC881 /* Seq_v04_640x378_27.jpg in Resources */,
				2108ACC2149F3825001CC881 /* Seq_v04_640x378_28.jpg in Resources */,
				2108ACC3149F3825001CC881 /* Seq_v04_640x378_29.jpg in Resources */,
				2108ACC4149F3825001CC881 /* Seq_v04_640x378_3.jpg in Resources */,
				2108ACC5149F3825001CC881 /* Seq_v04_640x378_30.jpg in Resources */,
				2108ACC6149F3825001CC881 /* Seq_v04_640x378_31.jpg in Resources */,
				2108ACC7149F3825001CC881 /* Seq_v04_640x378_32.jpg in Resources */,
				2108ACC8149F3825001CC881 /* Seq_v04_640x378_33.jpg in Resources */,
				2108ACC9149F3825001CC881 /* Seq_v04_640x378_34.jpg in Resources */,
				2108ACCA149F3825001CC881 /* Seq_v04_640x378_35.jpg in Resources */,
				2108ACCB149F3825001CC881 /* Seq_v04_640x378_36.jpg in Resources */,
				2108ACCC149F3825001CC881 /* Seq_v04_640x378_37.jpg in Resources */,
				2108ACCD149F3825001CC881 /* Seq_v04_640x378_38.jpg in Resources */,
				2108ACCE149F3825001CC881 /* Seq_v04_640x378_39.jpg in Resources */,
				2108ACCF149F3825001CC881 /* Seq_v04_640x378_4.jpg in Resources */,
				2108ACD0149F3825001CC881 /* Seq_v04_640x378_40.jpg in Resources */,
				2108ACD1149F3825001CC881 /* Seq_v04_640x378_41.jpg in Resources */,
				2108ACD2149F3825001CC881 /* Seq_v04_640x378_42.jpg in Resources */,
				2108ACD3149F3825001CC881 /* Seq_v04_640x378_43.jpg in Resources */,
				2108ACD4149F3825001CC881 /* Seq_v04_640x378_44.jpg in Resources */,
				2108ACD5149F3825001CC881 /* Seq_v04_640x378_45.jpg in Resources */,
				2108ACD6149F3825001CC881 /* Seq_v04_640x378_46.jpg in Resources */,
				2108ACD7149F3825001CC881 /* Seq_v04_640x378_47.jpg in Resources */,
				2108ACD8149F3825001CC881 /* Seq_v04_640x378_48.jpg in Resources */,
				2108ACD9149F3825001CC881 /* Seq_v04_640x378_49.jpg in Resources */,
				2108ACDA149F3825001CC881 /* Seq_v04_640x378_5.jpg in Resources */,
				2108ACDB149F3825001CC881 /* Seq_v04_640x378_50.jpg in Resources */,
				2108ACDC149F3825001CC881 /* Seq_v04_640x378_51.jpg in Resources */,
				2108ACDD149F3825001CC881 /* Seq_v04_640x378_52.jpg in Resources */,
				2108ACDE149F3825001CC881 /* Seq_v04_640x378_53.jpg in Resources */,
				2108ACDF149F3825001CC881 /* Seq_v04_640x378_54.jpg in Resources */,
				2108ACE0149F3825001CC881 /* Seq_v04_640x378_55.jpg in Resources */,
				2108ACE1149F3825001CC881 /* Seq_v04_640x378_56.jpg in Resources */,
				2108ACE2149F3825001CC881 /* Seq_v04_640x378_57.jpg in Resources */,
				2108ACE3149F3825001CC881 /* Seq_v04_640x378_58.jpg in Resources */,
				2108ACE4149F3825001CC881 /* Seq_v04_640x378_59.jpg in Resources */,
				2108ACE5149F3825001CC881 /* Seq_v04_640x378_6.jpg in Resources */,
				2108ACE6149F3825001CC881 /* Seq_v04_640x378_60.jpg in Resources */,
				2108ACE7149F3825001CC881 /* Seq_v04_640x378_61.jpg in Resources */,
				2108ACE8149F3825001CC881 /* Seq_v04_640x378_62.jpg in Resources */,
				2108ACE9149F3825001CC881 /* Seq_v04_640x378_63.jpg in Resources */,
				2108ACEA149F3825001CC881 /* Seq_v04_640x378_64.jpg in Resources */,
				2108ACEB149F3825001CC881 /* Seq_v04_640x378_65.jpg in Resources */,
				2108ACEC149F3825001CC881 /* Seq_v04_640x378_66.jpg in Resources */,
				2108ACED149F3825001CC881 /* Seq_v04_640x378_67.jpg in Resources */,
				2108ACEE149F3825001CC881 /* Seq_v04_640x378_68.jpg in Resources */,
				2108ACEF149F3825001CC881 /* Seq_v04_640x378_69.jpg in Resources */,
				2108ACF0149F3825001CC881 /* Seq_v04_640x378_7.jpg in Resources */,
				2108ACF1149F3825001CC881 /* Seq_v04_640x378_70.jpg in Resources */,
				2108ACF2149F3825001CC881 /* Seq_v04_640x378_71.jpg in Resources */,
				2108ACF3149F3825001CC881 /* Seq_v04_640x378_72.jpg in Resources */,
				2108ACF4149F3825001CC881 /* Seq_v04_640x378_8.jpg in Resources */,
				2108ACF5149F3825001CC881 /* Seq_v04_640x378_9.jpg in Resources */,
			);
			runOnlyForDeploymentPostprocessing = 0;
		};
/* End PBXResourcesBuildPhase section */

/* Begin PBXSourcesBuildPhase section */
		8D11072C0486CEB800E47090 /* Sources */ = {
			isa = PBXSourcesBuildPhase;
			buildActionMask = 2147483647;
			files = (
				8D11072D0486CEB800E47090 /* main.m in Sources */,
				256AC3DA0F4B6AC300CF3369 /* FVImageSequenceDemoAppDelegate.m in Sources */,
				2108AC62149F3782001CC881 /* FVImageSequence.m in Sources */,
			);
			runOnlyForDeploymentPostprocessing = 0;
		};
/* End PBXSourcesBuildPhase section */

/* Begin PBXVariantGroup section */
		089C165CFE840E0CC02AAC07 /* InfoPlist.strings */ = {
			isa = PBXVariantGroup;
			children = (
				089C165DFE840E0CC02AAC07 /* English */,
			);
			name = InfoPlist.strings;
			sourceTree = "<group>";
		};
		1DDD58140DA1D0A300B32029 /* MainMenu.xib */ = {
			isa = PBXVariantGroup;
			children = (
				1DDD58150DA1D0A300B32029 /* English */,
			);
			name = MainMenu.xib;
			sourceTree = "<group>";
		};
/* End PBXVariantGroup section */

/* Begin XCBuildConfiguration section */
		C01FCF4B08A954540054247B /* Debug */ = {
			isa = XCBuildConfiguration;
			buildSettings = {
				ALWAYS_SEARCH_USER_PATHS = NO;
				COPY_PHASE_STRIP = NO;
				GCC_DYNAMIC_NO_PIC = NO;
				GCC_ENABLE_FIX_AND_CONTINUE = YES;
				GCC_MODEL_TUNING = G5;
				GCC_OPTIMIZATION_LEVEL = 0;
				GCC_PRECOMPILE_PREFIX_HEADER = YES;
				GCC_PREFIX_HEADER = FVImageSequenceDemo_Prefix.pch;
				INFOPLIST_FILE = "FVImageSequenceDemo-Info.plist";
				INSTALL_PATH = "$(HOME)/Applications";
				PRODUCT_NAME = FVImageSequenceDemo;
			};
			name = Debug;
		};
		C01FCF4C08A954540054247B /* Release */ = {
			isa = XCBuildConfiguration;
			buildSettings = {
				ALWAYS_SEARCH_USER_PATHS = NO;
				DEBUG_INFORMATION_FORMAT = "dwarf-with-dsym";
				GCC_MODEL_TUNING = G5;
				GCC_PRECOMPILE_PREFIX_HEADER = YES;
				GCC_PREFIX_HEADER = FVImageSequenceDemo_Prefix.pch;
				INFOPLIST_FILE = "FVImageSequenceDemo-Info.plist";
				INSTALL_PATH = "$(HOME)/Applications";
				PRODUCT_NAME = FVImageSequenceDemo;
			};
			name = Release;
		};
		C01FCF4F08A954540054247B /* Debug */ = {
			isa = XCBuildConfiguration;
			buildSettings = {
				ARCHS = "$(ARCHS_STANDARD_32_64_BIT)";
				GCC_C_LANGUAGE_STANDARD = gnu99;
				GCC_OPTIMIZATION_LEVEL = 0;
				GCC_WARN_ABOUT_RETURN_TYPE = YES;
				GCC_WARN_UNUSED_VARIABLE = YES;
				ONLY_ACTIVE_ARCH = YES;
				PREBINDING = NO;
				SDKROOT = macosx10.6;
			};
			name = Debug;
		};
		C01FCF5008A954540054247B /* Release */ = {
			isa = XCBuildConfiguration;
			buildSettings = {
				ARCHS = "$(ARCHS_STANDARD_32_64_BIT)";
				GCC_C_LANGUAGE_STANDARD = gnu99;
				GCC_WARN_ABOUT_RETURN_TYPE = YES;
				GCC_WARN_UNUSED_VARIABLE = YES;
				PREBINDING = NO;
				SDKROOT = macosx10.6;
			};
			name = Release;
		};
/* End XCBuildConfiguration section */

/* Begin XCConfigurationList section */
		C01FCF4A08A954540054247B /* Build configuration list for PBXNativeTarget "FVImageSequenceDemo" */ = {
			isa = XCConfigurationList;
			buildConfigurations = (
				C01FCF4B08A954540054247B /* Debug */,
				C01FCF4C08A954540054247B /* Release */,
			);
			defaultConfigurationIsVisible = 0;
			defaultConfigurationName = Release;
		};
		C01FCF4E08A954540054247B /* Build configuration list for PBXProject "FVImageSequenceDemo" */ = {
			isa = XCConfigurationList;
			buildConfigurations = (
				C01FCF4F08A954540054247B /* Debug */,
				C01FCF5008A954540054247B /* Release */,
			);
			defaultConfigurationIsVisible = 0;
			defaultConfigurationName = Release;
		};
/* End XCConfigurationList section */
	};
	rootObject = 29B97313FDCFA39411CA2CEA /* Project object */;
}
